
Microsoft Visual Studio Solution File, Format Version 12.00
# Visual Studio Version 17
VisualStudioVersion = 17.2.32519.379
MinimumVisualStudioVersion = 10.0.40219.1
Project("{FAE04EC0-301F-11D3-BF4B-00C04F79EFBC}") = "OBilet.Domain", "OBilet.Domain\OBilet.Domain.csproj", "{52A2A4D7-B8FA-4000-ABC2-941DDEF2FE09}"
EndProject
Project("{FAE04EC0-301F-11D3-BF4B-00C04F79EFBC}") = "OBilet.UI", "OBilet.UI\OBilet.UI.csproj", "{718A5879-24A8-46BF-80BB-4E62F0949516}"
EndProject
Project("{FAE04EC0-301F-11D3-BF4B-00C04F79EFBC}") = "OBilet.API", "OBilet.API\OBilet.API.csproj", "{09E080DF-3CBB-452E-B08C-E7D0F4BC9AD5}"
EndProject
Project("{FAE04EC0-301F-11D3-BF4B-00C04F79EFBC}") = "OBilet.Service", "OBilet.Service\OBilet.Service.csproj", "{A58145AC-F638-48B9-B340-F1221F03262B}"
EndProject
Project("{FAE04EC0-301F-11D3-BF4B-00C04F79EFBC}") = "OBilet.Common", "OBilet.Common\OBilet.Common.csproj", "{66B4054C-054A-4BA2-9F79-E4728E9A9055}"
EndProject
Global
	GlobalSection(SolutionConfigurationPlatforms) = preSolution
		Debug|Any CPU = Debug|Any CPU
		Release|Any CPU = Release|Any CPU
	EndGlobalSection
	GlobalSection(ProjectConfigurationPlatforms) = postSolution
		{52A2A4D7-B8FA-4000-ABC2-941DDEF2FE09}.Debug|Any CPU.ActiveCfg = Debug|Any CPU
		{52A2A4D7-B8FA-4000-ABC2-941DDEF2FE09}.Debug|Any CPU.Build.0 = Debug|Any CPU
		{52A2A4D7-B8FA-4000-ABC2-941DDEF2FE09}.Release|Any CPU.ActiveCfg = Release|Any CPU
		{52A2A4D7-B8FA-4000-ABC2-941DDEF2FE09}.Release|Any CPU.Build.0 = Release|Any CPU
		{718A5879-24A8-46BF-80BB-4E62F0949516}.Debug|Any CPU.ActiveCfg = Debug|Any CPU
		{718A5879-24A8-46BF-80BB-4E62F0949516}.Debug|Any CPU.Build.0 = Debug|Any CPU
		{718A5879-24A8-46BF-80BB-4E62F0949516}.Release|Any CPU.ActiveCfg = Release|Any CPU
		{718A5879-24A8-46BF-80BB-4E62F0949516}.Release|Any CPU.Build.0 = Release|Any CPU
		{09E080DF-3CBB-452E-B08C-E7D0F4BC9AD5}.Debug|Any CPU.ActiveCfg = Debug|Any CPU
		{09E080DF-3CBB-452E-B08C-E7D0F4BC9AD5}.Debug|Any CPU.Build.0 = Debug|Any CPU
		{09E080DF-3CBB-452E-B08C-E7D0F4BC9AD5}.Release|Any CPU.ActiveCfg = Release|Any CPU
		{09E080DF-3CBB-452E-B08C-E7D0F4BC9AD5}.Release|Any CPU.Build.0 = Release|Any CPU
		{A58145AC-F638-48B9-B340-F1221F03262B}.Debug|Any CPU.ActiveCfg = Debug|Any CPU
		{A58145AC-F638-48B9-B340-F1221F03262B}.Debug|Any CPU.Build.0 = Debug|Any CPU
		{A58145AC-F638-48B9-B340-F1221F03262B}.Release|Any CPU.ActiveCfg = Release|Any CPU
		{A58145AC-F638-48B9-B340-F1221F03262B}.Release|Any CPU.Build.0 = Release|Any CPU
		{66B4054C-054A-4BA2-9F79-E4728E9A9055}.Debug|Any CPU.ActiveCfg = Debug|Any CPU
		{66B4054C-054A-4BA2-9F79-E4728E9A9055}.Debug|Any CPU.Build.0 = Debug|Any CPU
		{66B4054C-054A-4BA2-9F79-E4728E9A9055}.Release|Any CPU.ActiveCfg = Release|Any CPU
		{66B4054C-054A-4BA2-9F79-E4728E9A9055}.Release|Any CPU.Build.0 = Release|Any CPU
	EndGlobalSection
	GlobalSection(SolutionProperties) = preSolution
		HideSolutionNode = FALSE
	EndGlobalSection
	GlobalSection(ExtensibilityGlobals) = postSolution
		SolutionGuid = {6DE181A5-3EE4-4FD5-A1E1-F5F8BDC3CE86}
	EndGlobalSection
EndGlobal
